schema: '2.0'
stages:
  subsample:
    cmd: "mkdir -p data/test && python scripts/subsample.py --data data/data.csv --test-data-dir
      data/test --params params.yaml --output data/subsampled.csv\n"
    deps:
    - path: data/data.csv
      md5: 2652c974be9aa49bd50061377d39563d
      size: 313452
    - path: scripts/subsample.py
      md5: e984c015340dc2e50d926b4e3931b9dd
      size: 1821
    params:
      params.yaml:
        seed: 42
        sub_sample:
          N: 1000
    outs:
    - path: data/subsampled.csv
      md5: 23395929f0d973d8568076238ff453d3
      size: 269085
    - path: data/test
      md5: c999398358adfdcb184b07471c5aac32.dir
      size: 45049
      nfiles: 2
  validate-column-names:
    cmd: bin/validate.sh
    deps:
    - path: data/subsampled.csv
      md5: 23395929f0d973d8568076238ff453d3
      size: 269085
    outs:
    - path: data/validated.csv
      md5: 23395929f0d973d8568076238ff453d3
      size: 269085
  nullify:
    cmd: "clojure -X gensql.structure-learning.main/nullify < data/validated.csv >
      data/nullified.csv\n"
    deps:
    - path: data/validated.csv
      md5: 23395929f0d973d8568076238ff453d3
      size: 269085
    params:
      params.yaml:
        nullify:
        - NaN
        - missing
    outs:
    - path: data/nullified.csv
      md5: 23395929f0d973d8568076238ff453d3
      size: 269085
  guess-schema:
    cmd: "clojure -X gensql.structure-learning.main/guess-schema < data/nullified.csv
      > data/schema.edn\n"
    deps:
    - path: data/nullified.csv
      md5: 23395929f0d973d8568076238ff453d3
      size: 269085
    params:
      params.yaml:
        schema:
          Type_of_Orbit: nominal
          Country_of_Contractor: ignore
          Inclination_radians: numerical
          Operator_Owner: ignore
          Period_minutes: numerical
          Dry_Mass_kg: numerical
          Launch_Site: ignore
          Country_of_Operator: ignore
          Contractor: ignore
          Purpose: nominal
          Anticipated_Lifetime: numerical
          Users: ignore
          Date_of_Launch: ignore
          Class_of_Orbit: nominal
          Launch_Mass_kg: numerical
          Launch_Vehicle: ignore
          Source_Used_for_Orbital_Data: ignore
          Eccentricity: numerical
          longitude_radians_of_geo: ignore
          Name: ignore
          Perigee_km: numerical
          Apogee_km: numerical
          Power_watts: numerical
    outs:
    - path: data/schema.edn
      md5: 4dd5666b5ed325c90c30ee2699c31b07
      size: 625
  ignore:
    cmd: "clojure -X gensql.structure-learning.main/ignore :schema '\"data/schema.edn\"\
      ' < data/nullified.csv > data/ignored.csv\n"
    deps:
    - path: data/nullified.csv
      md5: 23395929f0d973d8568076238ff453d3
      size: 269085
    - path: data/schema.edn
      md5: 4dd5666b5ed325c90c30ee2699c31b07
      size: 625
    outs:
    - path: data/ignored.csv
      md5: 746f90deb090321bfa790093a24a9d06
      size: 85884
  cgpm-schema:
    cmd: "clojure -X gensql.structure-learning.main/cgpm-schema < data/schema.edn
      > data/cgpm-schema.edn\n"
    deps:
    - path: data/schema.edn
      md5: 4dd5666b5ed325c90c30ee2699c31b07
      size: 625
    outs:
    - path: data/cgpm-schema.edn
      md5: 82acdd78ba10b9b1203b039e1bbd6b1f
      size: 325
  numericalize:
    cmd: "clojure -X gensql.structure-learning.main/numericalize :schema '\"data/schema.edn\"\
      ' :table data/mapping-table.edn < data/ignored.csv > data/numericalized.csv\n"
    deps:
    - path: data/ignored.csv
      md5: 746f90deb090321bfa790093a24a9d06
      size: 85884
    - path: data/schema.edn
      md5: 4dd5666b5ed325c90c30ee2699c31b07
      size: 625
    outs:
    - path: data/mapping-table.edn
      md5: 21f032e2a4b3ccbbf146f2e6ee1115a2
      size: 1465
    - path: data/numericalized.csv
      md5: 3c360565634a4baecd5774f862a45bbe
      size: 62634
  cgpm-hydrate-metadata:
    cmd: "mkdir -p data/cgpm/hydrated && rm -f data/cgpm/inf.log && seq 0 $((3 - 1))
      | parallel --verbose 'python scripts/cgpm_hydrate.py --output data/cgpm/hydrated/{/}
      --data data/numericalized.csv --schema data/cgpm-schema.edn --mapping-table
      data/mapping-table.edn --seed $((42 + {#} - 1))'\n"
    deps:
    - path: data/cgpm-schema.edn
      md5: 82acdd78ba10b9b1203b039e1bbd6b1f
      size: 325
    - path: data/mapping-table.edn
      md5: 21f032e2a4b3ccbbf146f2e6ee1115a2
      size: 1465
    - path: data/numericalized.csv
      md5: 3c360565634a4baecd5774f862a45bbe
      size: 62634
    - path: schemas/cgpm.json
      md5: 75fb21013e98a73e03fbe1ace14426f2
      size: 4039
    - path: scripts/cgpm_hydrate.py
      md5: 0ad32ff550f8b45a3642bddf279c9664
      size: 2971
    params:
      params.yaml:
        parallel.flags: --verbose
        sample_count: 3
        seed: 42
    outs:
    - path: data/cgpm/hydrated
      md5: 148799c62487aed444c4a0ef93f20cb6.dir
      size: 605077
      nfiles: 3
  cgpm-infer-hyperparameters:
    cmd: "find data/cgpm/hydrated -type f | parallel jsonschema --instance {} schemas/cgpm.json
      && mkdir -p data/cgpm/complete && echo 1 >> data/cgpm/inf.log && find data/cgpm/hydrated
      -type f | sort | parallel --verbose 'python scripts/cgpm_infer.py {} --kernel
      alpha --kernel view_alphas --kernel column_hypers --kernel rows --kernel columns
      --output data/cgpm/complete/{/} --data data/numericalized.csv --params params.yaml
      --seed $((42 + {#} - 1)) --minutes 1' #--iterations 1\n"
    deps:
    - path: data/cgpm/hydrated
      md5: 148799c62487aed444c4a0ef93f20cb6.dir
      size: 605077
      nfiles: 3
    - path: data/numericalized.csv
      md5: 3c360565634a4baecd5774f862a45bbe
      size: 62634
    - path: schemas/cgpm.json
      md5: 75fb21013e98a73e03fbe1ace14426f2
      size: 4039
    - path: scripts/cgpm_infer.py
      md5: 8c953870a8ac391bb77deeb105403131
      size: 4523
    params:
      params.yaml:
        cgpm:
          iterations: 1
          minutes: 1
        parallel.flags: --verbose
        seed: 42
    outs:
    - path: data/cgpm/complete
      md5: 68e3f26fa783affe101f0b6534598ca3.dir
      size: 373771
      nfiles: 3
  ast-export:
    cmd:
    - 'bash -c "parallel --verbose jsonschema --instance {} schemas/cgpm.json ::::
      <(find data/cgpm/complete -type f)"'
    - mkdir -p data/ast
    - "bash -c \"parallel --verbose 'python scripts/ast_export.py --metadata {} --data
      data/numericalized.csv --mapping-table data/mapping-table.edn --output data/ast/{/.}.edn'
      :::: <(find data/cgpm/complete -type f)\""
    deps:
    - path: data/cgpm/complete
      md5: 68e3f26fa783affe101f0b6534598ca3.dir
      size: 373771
      nfiles: 3
    - path: data/ignored.csv
      md5: 746f90deb090321bfa790093a24a9d06
      size: 85884
    - path: scripts/ast_export.py
      md5: 301e377deb0aaf75b1a961a6d91153a8
      size: 11045
    params:
      params.yaml:
        parallel.flags: --verbose
    outs:
    - path: data/ast
      md5: 57ba4f1d0c13200bf8f4b5faf10f3b4c.dir
      size: 682552
      nfiles: 3
  save-max-number-views:
    cmd: "find data/cgpm/complete -type f | xargs python scripts/save_n_views.py >>
      data/max-number-views.txt\n"
    deps:
    - path: data/cgpm/complete
      md5: 68e3f26fa783affe101f0b6534598ca3.dir
      size: 373771
      nfiles: 3
    outs:
    - path: data/max-number-views.txt
      md5: eccbc87e4b5ce2fe28308fd9f2a7baf3
      size: 1
  sppl-import:
    cmd:
    - mkdir -p data/sppl/unmerged
    - "bash -c \"parallel --verbose 'python scripts/sppl_import.py --multi-mix-ast
      {} --max-number-views data/max-number-views.txt --output data/sppl/unmerged/{/.}.json'
      :::: <(find data/ast -type f)\""
    deps:
    - path: data/ast
      md5: 57ba4f1d0c13200bf8f4b5faf10f3b4c.dir
      size: 682552
      nfiles: 3
    - path: data/max-number-views.txt
      md5: eccbc87e4b5ce2fe28308fd9f2a7baf3
      size: 1
    - path: scripts/sppl_import.py
      md5: 60da181980209f224dd1ed4f8b92c57e
      size: 4743
    params:
      params.yaml:
        parallel.flags: --verbose
    outs:
    - path: data/sppl/unmerged
      md5: 361b3ee2c133f465b2ed0a7a5e28cc11.dir
      size: 541199
      nfiles: 3
  sppl-merge:
    cmd: "find data/sppl/unmerged -type f | sort | xargs python scripts/sppl_merge.py
      --output data/sppl/merged.json\n"
    deps:
    - path: data/sppl/unmerged
      md5: 361b3ee2c133f465b2ed0a7a5e28cc11.dir
      size: 541199
      nfiles: 3
    outs:
    - path: data/sppl/merged.json
      md5: a02cf35bfc4ae6c096cb5394617e4356
      size: 541563
  sppl-sample:
    cmd: "python scripts/sppl_sample.py --model data/sppl/merged.json --data data/ignored.csv
      > data/synthetic-data-gensql.csv # --sample_count None\n"
    deps:
    - path: data/ignored.csv
      md5: 746f90deb090321bfa790093a24a9d06
      size: 85884
    - path: data/sppl/merged.json
      md5: a02cf35bfc4ae6c096cb5394617e4356
      size: 541563
    - path: scripts/sppl_sample.py
      md5: 65c711874e0eda0e7d79b4a4a3eb6076
      size: 1843
    outs:
    - path: data/synthetic-data-gensql.csv
      md5: 7032d42975cd26c8c9db22a2cb61d870
      size: 207287
  save-dependencies:
    cmd: "find data/cgpm/complete -type f | sort | xargs python scripts/dep_prob.py
      --data data/numericalized.csv --output data/dep-prob.json\n"
    deps:
    - path: data/cgpm/complete
      md5: 68e3f26fa783affe101f0b6534598ca3.dir
      size: 373771
      nfiles: 3
    outs:
    - path: data/dep-prob.json
      md5: eabbaaf11cf6b46cc4b6f9f438f50f9b
      size: 4158
  save-linear-stats:
    cmd: "python scripts/linear_stats.py --data data/ignored.csv --schema data/schema.edn
      --output data/linear-stats.json\n"
    deps:
    - path: data/ignored.csv
      md5: 746f90deb090321bfa790093a24a9d06
      size: 85884
    - path: data/schema.edn
      md5: 4dd5666b5ed325c90c30ee2699c31b07
      size: 625
    - path: scripts/linear_stats.py
      md5: 613330daf7893bd5f9080104f0234c17
      size: 4269
    outs:
    - path: data/linear-stats.json
      md5: 2161ceeab70cf27fa0f816dc9de58162
      size: 15007
  compare-dep-prob-with-linear:
    cmd: "python scripts/compare_deps.py --deps data/dep-prob.json --linear data/linear-stats.json
      >> data/qc-statistical-tests.txt\n"
    deps:
    - path: data/dep-prob.json
      md5: eabbaaf11cf6b46cc4b6f9f438f50f9b
      size: 4158
    - path: data/linear-stats.json
      md5: 2161ceeab70cf27fa0f816dc9de58162
      size: 15007
    outs:
    - path: data/qc-statistical-tests.txt
      md5: 0d13981f8869abf58feab894ba234aa2
      size: 344
  xcat-complete-import:
    cmd:
    - mkdir -p data/xcat/complete/
    - "bash -c \"parallel --verbose \\\"clojure -X gensql.structure-learning.xcat/import
      :cgpm-json '\\\\\\\"{}\\\\\\\"' :data-csv data/ignored.csv :mapping-table data/mapping-table.edn
      :numericalized-csv data/numericalized.csv :schema-edn data/schema.edn > data/xcat/complete/{/.}.edn\\\
      \" :::: <(find data/cgpm/complete -type f)\""
    deps:
    - path: data/cgpm/complete
      md5: 68e3f26fa783affe101f0b6534598ca3.dir
      size: 373771
      nfiles: 3
    - path: data/ignored.csv
      md5: 746f90deb090321bfa790093a24a9d06
      size: 85884
    - path: data/mapping-table.edn
      md5: 21f032e2a4b3ccbbf146f2e6ee1115a2
      size: 1465
    - path: data/numericalized.csv
      md5: 3c360565634a4baecd5774f862a45bbe
      size: 62634
    - path: data/schema.edn
      md5: 4dd5666b5ed325c90c30ee2699c31b07
      size: 625
    - path: src/clojure/gensql/structure_learning/xcat.clj
      md5: 50de15b94242c6c71b6822f11cb58771
      size: 4592
    params:
      params.yaml:
        parallel.flags: --verbose
    outs:
    - path: data/xcat/complete/
      md5: 2afe6e3894926c86e9bb8ee3fab1c914.dir
      size: 2326239
      nfiles: 3
  xcat-merge:
    cmd: "clj -X gensql.structure-learning.clojurecat/merge :models data/xcat/complete
      :out data/xcat/xcat.merged.edn\n"
    deps:
    - path: data/xcat/complete
      md5: 2afe6e3894926c86e9bb8ee3fab1c914.dir
      size: 2326239
      nfiles: 3
    outs:
    - path: data/xcat/xcat.merged.edn
      md5: b28df67811c4f5bdccdb44e21453c5ae
      size: 2326287
  assemble-database:
    cmd: "clojure -M:exec gensql.structure-learning.main assemble-database --table-name
      data --table-path data/nullified.csv --model-name baseline_model --model-path
      data/xcat/complete/0.edn > data/db.edn\n"
    deps:
    - path: data/cgpm
      md5: 398dd442cae3ee1a52db495200e969cb.dir
      size: 978850
      nfiles: 7
    - path: data/nullified.csv
      md5: 23395929f0d973d8568076238ff453d3
      size: 269085
    - path: data/xcat
      md5: 4f8f3f878df20f256475985a637ca7c0.dir
      size: 4652526
      nfiles: 4
    params:
      params.yaml:
        database.model_name: baseline_model
        database.model_path: data/xcat/complete/0.edn
        database.table_name: data
        database.table_path: data/nullified.csv
    outs:
    - path: data/db.edn
      md5: 3df0ce61a0a35226f53303754a432c43
      size: 1386617
  qc-tag-samples:
    cmd: "clojure -X gensql.structure-learning.qc.samples/tag :data data/ignored.csv
      :samples-synthetic data/synthetic-data-gensql.csv > qc/samples/samples.edn\n"
    deps:
    - path: data/ignored.csv
      md5: 746f90deb090321bfa790093a24a9d06
      size: 85884
    - path: data/synthetic-data-gensql.csv
      md5: d1ca65593c759e5b2dedd6bd9804fda3
      size: 207148
    - path: src/clojure/gensql/structure_learning/qc/samples.clj
      md5: e34e26db3736bb02dd084800c9d6af72
      size: 1090
    outs:
    - path: qc/samples/samples.edn
      md5: a2e986724df01db4d788e3e5bfb13766
      size: 743378
  qc-splom-spec:
    cmd: "clojure -X gensql.structure-learning.qc.splom/spec :samples qc/samples/samples.edn
      :schema data/schema.edn :correlation data/linear-stats.json > qc/specs/qc-splom.vl.json\n"
    deps:
    - path: data/linear-stats.json
      md5: 2161ceeab70cf27fa0f816dc9de58162
      size: 15007
    - path: data/schema.edn
      md5: 4dd5666b5ed325c90c30ee2699c31b07
      size: 625
    - path: qc/samples/samples.edn
      md5: a2e986724df01db4d788e3e5bfb13766
      size: 743378
    - path: src/clojure/gensql/structure_learning/qc/splom.clj
      md5: 7cbb5386c72377f4887ac475d5c32117
      size: 11062
    - path: src/clojure/gensql/structure_learning/qc/util.clj
      md5: 57e1815724c43afbd84c9414d32a4aee
      size: 4118
    params:
      params.yaml:
        qc.columns:
    outs:
    - path: qc/specs/qc-splom.vl.json
      md5: a8ed87abb40d2ef1783d77d54c3e1d86
      size: 1013837
  predict:
    cmd: "python scripts/predict.py --schema data/schema.edn --training data/ignored.csv
      --training data/synthetic-data-gensql.csv --test data/test/test.csv --output
      data/predictions.csv #--test data/test/test-shifted.csv\n"
    deps:
    - path: data/ignored.csv
      md5: 746f90deb090321bfa790093a24a9d06
      size: 85884
    - path: data/schema.edn
      md5: 4dd5666b5ed325c90c30ee2699c31b07
      size: 625
    - path: data/synthetic-data-gensql.csv
      md5: 7032d42975cd26c8c9db22a2cb61d870
      size: 207287
    - path: data/test/test.csv
      md5: 15ec0c2f7359f2786433101b59350660
      size: 44708
    - path: scripts/predict.py
      md5: 9791ef81e7424516b5c452380c448706
      size: 7371
    params:
      params.yaml:
        synthetic_data_evaluation:
          predictor: Random_forest
          datasets:
          - synthetic-data-gensql.csv
    outs:
    - path: data/predictions.csv
      md5: d3f4267ea50837b4a6f16d4368ef27bf
      size: 29036
  dep-prob-vl:
    cmd: "clojure -X gensql.structure-learning.heatmap/vega-lite :stats-path '\"data/dep-prob.json\"\
      ' :domain '[0.0 1.0]' :default 1.0 :name '\"crosscat\"' :scheme '\"blues\"'
      > data/dep-prob.vl.json\n"
    deps:
    - path: data/dep-prob.json
      md5: eabbaaf11cf6b46cc4b6f9f438f50f9b
      size: 4158
    - path: src/clojure/gensql/structure_learning/heatmap.clj
      md5: ab83ab7b323030e4fc47fd10591574a3
      size: 8304
    outs:
    - path: data/dep-prob.vl.json
      md5: e71249114eef5d69a0e43f72b265043b
      size: 15024
  linear-stats-vl:
    cmd: "clojure -X gensql.structure-learning.heatmap/vega-lite :stats-path '\"data/linear-stats.json\"\
      ' :sort-path '\"data/dep-prob.json\"' :domain '[1.0 0.0]' :default 0.0 :name
      '\"statistics\"' :field '\"p-value\"' :scheme '\"oranges\"' > data/linear-stats.vl.json\n"
    deps:
    - path: data/dep-prob.json
      md5: eabbaaf11cf6b46cc4b6f9f438f50f9b
      size: 4158
    - path: data/linear-stats.json
      md5: 2161ceeab70cf27fa0f816dc9de58162
      size: 15007
    - path: src/clojure/gensql/structure_learning/heatmap.clj
      md5: ab83ab7b323030e4fc47fd10591574a3
      size: 8304
    outs:
    - path: data/linear-stats.vl.json
      md5: 1b3e5ce2d4ac8c002d65930af045574d
      size: 27113
